<?xml version="1.0" encoding="utf-8"?>
<Project ToolsVersion="4.0" xmlns="http://schemas.microsoft.com/developer/msbuild/2003">
  <ItemGroup>
    <Filter Include="Headers">
      <UniqueIdentifier>{93995380-89BD-4b04-88EB-625FBE52EBFB}</UniqueIdentifier>
      <Extensions>h;hh;hpp;hxx;h++;hm;inl;inc;ipp;xsd</Extensions>
    </Filter>
    <Filter Include="Config">
      <UniqueIdentifier>{921da2a0-343c-4d8f-8528-be50fe1e4004}</UniqueIdentifier>
    </Filter>
    <Filter Include="Source">
      <UniqueIdentifier>{4FC737F1-C7A5-4376-A066-2A32D752A2FF}</UniqueIdentifier>
      <Extensions>cpp;c;cc;cxx;c++;cppm;ixx;def;odl;idl;hpj;bat;asm;asmx</Extensions>
    </Filter>
    <Filter Include="Shader">
      <UniqueIdentifier>{8aadec3d-d0eb-43f0-b21a-33c6bc8faa27}</UniqueIdentifier>
    </Filter>
    <Filter Include="Resource">
      <UniqueIdentifier>{67DA6AB6-F800-4c08-8B7A-83BB121AAD01}</UniqueIdentifier>
      <Extensions>rc;ico;cur;bmp;dlg;rc2;rct;bin;rgs;gif;jpg;jpeg;jpe;resx;tiff;tif;png;wav;mfcribbon-ms</Extensions>
    </Filter>
    <Filter Include="Resource\Models">
      <UniqueIdentifier>{3cb00292-770c-4337-9581-29ea712f166d}</UniqueIdentifier>
    </Filter>
    <Filter Include="Resource\Textures">
      <UniqueIdentifier>{92389da1-f2d8-437e-839f-cd012aad8400}</UniqueIdentifier>
    </Filter>
    <Filter Include="Source\imgui">
      <UniqueIdentifier>{b3b2552e-ed17-4e6d-b845-6ae3e65448c0}</UniqueIdentifier>
    </Filter>
    <Filter Include="Source\ImGuizmo">
      <UniqueIdentifier>{572cb9b9-2d8d-459e-b50a-0b0d243dd6d2}</UniqueIdentifier>
    </Filter>
    <Filter Include="Shader\PBR_IBL">
      <UniqueIdentifier>{2c9aeda1-53d9-4aab-a0be-b69e54d8a10c}</UniqueIdentifier>
    </Filter>
    <Filter Include="Headers\Scene">
      <UniqueIdentifier>{eb66a375-b81f-4f88-b5bf-1c42b08694a0}</UniqueIdentifier>
    </Filter>
    <Filter Include="Headers\Renderer">
      <UniqueIdentifier>{fe1c0631-9d94-47c4-96a3-e0e1fe3dc146}</UniqueIdentifier>
    </Filter>
    <Filter Include="Headers\Core">
      <UniqueIdentifier>{dda23ae3-15bb-4efe-b951-d6bd6b79f03c}</UniqueIdentifier>
    </Filter>
    <Filter Include="Headers\Utils">
      <UniqueIdentifier>{39925d7a-578d-49c7-84d7-67a2cb1a6e0d}</UniqueIdentifier>
    </Filter>
    <Filter Include="Source\Core">
      <UniqueIdentifier>{606214f8-cf63-48aa-948c-696f1d855621}</UniqueIdentifier>
    </Filter>
    <Filter Include="Source\Renderer">
      <UniqueIdentifier>{0b6f165a-a447-4b0a-8a5f-3d68907dac8c}</UniqueIdentifier>
    </Filter>
    <Filter Include="Source\Utils">
      <UniqueIdentifier>{a5d64e39-3faa-4fe7-bb5b-1c26b22fc30c}</UniqueIdentifier>
    </Filter>
    <Filter Include="Source\Scene">
      <UniqueIdentifier>{e97e584a-a105-4c09-82f0-4d6c2ee76ccd}</UniqueIdentifier>
    </Filter>
    <Filter Include="Source\glad">
      <UniqueIdentifier>{acddce34-9f88-4954-b294-b0fe79f0e0dc}</UniqueIdentifier>
    </Filter>
    <Filter Include="Source\Scenes">
      <UniqueIdentifier>{ed3a5411-afbc-4005-be4c-4d67d86a73b0}</UniqueIdentifier>
    </Filter>
    <Filter Include="Headers\Scenes">
      <UniqueIdentifier>{3b61b604-9d93-48a6-a166-2226c5436385}</UniqueIdentifier>
    </Filter>
    <Filter Include="Shader\Sky_Atmosphere">
      <UniqueIdentifier>{5f525fe4-0033-4ea4-94db-f6844ddef0ee}</UniqueIdentifier>
    </Filter>
  </ItemGroup>
  <ItemGroup>
    <ClCompile Include="third_party\ImGuizmo\ImGuizmo.cpp">
      <Filter>Source\ImGuizmo</Filter>
    </ClCompile>
    <ClCompile Include="third_party\imgui_docking\imgui.cpp">
      <Filter>Source\imgui</Filter>
    </ClCompile>
    <ClCompile Include="third_party\imgui_docking\imgui_demo.cpp">
      <Filter>Source\imgui</Filter>
    </ClCompile>
    <ClCompile Include="third_party\imgui_docking\imgui_draw.cpp">
      <Filter>Source\imgui</Filter>
    </ClCompile>
    <ClCompile Include="third_party\imgui_docking\imgui_tables.cpp">
      <Filter>Source\imgui</Filter>
    </ClCompile>
    <ClCompile Include="third_party\imgui_docking\imgui_widgets.cpp">
      <Filter>Source\imgui</Filter>
    </ClCompile>
    <ClCompile Include="third_party\imgui_docking\backends\imgui_impl_opengl3.cpp">
      <Filter>Source\imgui</Filter>
    </ClCompile>
    <ClCompile Include="third_party\imgui_docking\backends\imgui_impl_glfw.cpp">
      <Filter>Source\imgui</Filter>
    </ClCompile>
    <ClCompile Include="src\renderer\Camera.cpp">
      <Filter>Source\Core</Filter>
    </ClCompile>
    <ClCompile Include="src\core\Config.cpp">
      <Filter>Source\Core</Filter>
    </ClCompile>
    <ClCompile Include="src\core\Editor.cpp">
      <Filter>Source\Core</Filter>
    </ClCompile>
    <ClCompile Include="src\renderer\Environment.cpp">
      <Filter>Source\Renderer</Filter>
    </ClCompile>
    <ClCompile Include="src\glad.c">
      <Filter>Source\glad</Filter>
    </ClCompile>
    <ClCompile Include="src\renderer\IBL.cpp">
      <Filter>Source\Renderer</Filter>
    </ClCompile>
    <ClCompile Include="src\renderer\Mesh.cpp">
      <Filter>Source\Renderer</Filter>
    </ClCompile>
    <ClCompile Include="src\renderer\Model.cpp">
      <Filter>Source\Renderer</Filter>
    </ClCompile>
    <ClCompile Include="src\renderer\Primitive.cpp">
      <Filter>Source\Renderer</Filter>
    </ClCompile>
    <ClCompile Include="src\renderer\RenderProfiler.cpp">
      <Filter>Source\Renderer</Filter>
    </ClCompile>
    <ClCompile Include="src\scene\Scene.cpp">
      <Filter>Source\Scene</Filter>
    </ClCompile>
    <ClCompile Include="src\renderer\Shader.cpp">
      <Filter>Source\Renderer</Filter>
    </ClCompile>
    <ClCompile Include="src\renderer\Texture.cpp">
      <Filter>Source\Renderer</Filter>
    </ClCompile>
    <ClCompile Include="src\core\Viewport.cpp">
      <Filter>Source\Core</Filter>
    </ClCompile>
    <ClCompile Include="src\core\Window.cpp">
      <Filter>Source\Core</Filter>
    </ClCompile>
    <ClCompile Include="src\core\MAIN.cpp">
      <Filter>Source</Filter>
    </ClCompile>
    <ClCompile Include="src\scene\GameObject.cpp">
      <Filter>Source\Scene</Filter>
    </ClCompile>
    <ClCompile Include="src\scenes\BaseScene.cpp">
      <Filter>Source\Scenes</Filter>
    </ClCompile>
    <ClCompile Include="src\core\Time.cpp">
      <Filter>Source\Core</Filter>
    </ClCompile>
    <ClCompile Include="src\utils\Recorder.cpp">
      <Filter>Source\Utils</Filter>
    </ClCompile>
    <ClCompile Include="src\core\Log.cpp">
      <Filter>Source\Core</Filter>
    </ClCompile>
    <ClCompile Include="src\scenes\PBRIBL_Base.cpp">
      <Filter>Source\Scenes</Filter>
    </ClCompile>
    <ClCompile Include="src\scenes\PBRIBL_Custom.cpp">
      <Filter>Source\Scenes</Filter>
    </ClCompile>
    <ClCompile Include="src\scenes\PBRIBL_Single.cpp">
      <Filter>Source\Scenes</Filter>
    </ClCompile>
    <ClCompile Include="src\scenes\PBRIBL_SingleTex.cpp">
      <Filter>Source\Scenes</Filter>
    </ClCompile>
    <ClCompile Include="src\scenes\PBRIBL_Spheres.cpp">
      <Filter>Source\Scenes</Filter>
    </ClCompile>
    <ClCompile Include="src\scenes\SkyAtmosphere.cpp">
      <Filter>Source\Scenes</Filter>
    </ClCompile>
  </ItemGroup>
  <ItemGroup>
    <None Include="shaders\test.vert">
      <Filter>Shader</Filter>
    </None>
    <None Include="shaders\test.frag">
      <Filter>Shader</Filter>
    </None>
    <None Include="config\engine.toml">
      <Filter>Config</Filter>
    </None>
    <None Include="shaders\light.vert">
      <Filter>Shader</Filter>
    </None>
    <None Include="shaders\phong.frag">
      <Filter>Shader</Filter>
    </None>
    <None Include="shaders\phong.vert">
      <Filter>Shader</Filter>
    </None>
    <None Include="shaders\pbr.vert">
      <Filter>Shader</Filter>
    </None>
    <None Include="shaders\pbr.frag">
      <Filter>Shader</Filter>
    </None>
    <None Include="shaders\light.frag">
      <Filter>Resource</Filter>
    </None>
    <None Include="shaders\pbr\brdf_integrate.frag">
      <Filter>Shader\PBR_IBL</Filter>
    </None>
    <None Include="shaders\pbr\brdf_integrate.vert">
      <Filter>Shader\PBR_IBL</Filter>
    </None>
    <None Include="shaders\pbr\equirect_to_cubemap.frag">
      <Filter>Shader\PBR_IBL</Filter>
    </None>
    <None Include="shaders\pbr\equirect_to_cubemap.vert">
      <Filter>Shader\PBR_IBL</Filter>
    </None>
    <None Include="shaders\pbr\irradiance_convolution.frag">
      <Filter>Shader\PBR_IBL</Filter>
    </None>
    <None Include="shaders\pbr\irradiance_convolution.vert">
      <Filter>Shader\PBR_IBL</Filter>
    </None>
    <None Include="shaders\pbr\pbr_ibl.frag">
      <Filter>Shader\PBR_IBL</Filter>
    </None>
    <None Include="shaders\pbr\pbr_ibl.vert">
      <Filter>Shader\PBR_IBL</Filter>
    </None>
    <None Include="shaders\pbr\prefilter_convolution.frag">
      <Filter>Shader\PBR_IBL</Filter>
    </None>
    <None Include="shaders\pbr\prefilter_convolution.vert">
      <Filter>Shader\PBR_IBL</Filter>
    </None>
    <None Include="shaders\pbr\skybox.frag">
      <Filter>Shader\PBR_IBL</Filter>
    </None>
    <None Include="shaders\pbr\skybox.vert">
      <Filter>Shader\PBR_IBL</Filter>
    </None>
    <None Include="..\..\..\Downloads\icon.svg">
      <Filter>Resource</Filter>
    </None>
    <None Include="shaders\pbr\pbr_ibl_test.frag">
      <Filter>Shader\PBR_IBL</Filter>
    </None>
    <None Include="shaders\pbr\pbr_ibl_test.vert">
      <Filter>Shader\PBR_IBL</Filter>
    </None>
    <None Include="shaders\sky_atmosphere\sky_atmosphere.frag">
      <Filter>Shader\Sky_Atmosphere</Filter>
    </None>
    <None Include="shaders\sky_atmosphere\full_screen.vert">
      <Filter>Shader\Sky_Atmosphere</Filter>
    </None>
  </ItemGroup>
  <ItemGroup>
    <ClInclude Include="third_party\ImGuizmo\ImGradient.h">
      <Filter>Source\ImGuizmo</Filter>
    </ClInclude>
    <ClInclude Include="include\scene\Scene.h">
      <Filter>Headers\Scene</Filter>
    </ClInclude>
    <ClInclude Include="include\scene\GameObject.h">
      <Filter>Headers\Scene</Filter>
    </ClInclude>
    <ClInclude Include="include\renderer\Camera.h">
      <Filter>Headers\Core</Filter>
    </ClInclude>
    <ClInclude Include="include\core\Editor.h">
      <Filter>Headers\Core</Filter>
    </ClInclude>
    <ClInclude Include="include\core\Config.h">
      <Filter>Headers\Core</Filter>
    </ClInclude>
    <ClInclude Include="include\core\Log.h">
      <Filter>Headers\Core</Filter>
    </ClInclude>
    <ClInclude Include="include\renderer\IBL.h">
      <Filter>Headers\Renderer</Filter>
    </ClInclude>
    <ClInclude Include="include\renderer\Environment.h">
      <Filter>Headers\Renderer</Filter>
    </ClInclude>
    <ClInclude Include="include\core\LogSink.h">
      <Filter>Headers\Core</Filter>
    </ClInclude>
    <ClInclude Include="include\renderer\Mesh.h">
      <Filter>Headers\Renderer</Filter>
    </ClInclude>
    <ClInclude Include="include\renderer\Model.h">
      <Filter>Headers\Renderer</Filter>
    </ClInclude>
    <ClInclude Include="include\renderer\Primitive.h">
      <Filter>Headers\Renderer</Filter>
    </ClInclude>
    <ClInclude Include="include\renderer\RenderProfiler.h">
      <Filter>Headers\Renderer</Filter>
    </ClInclude>
    <ClInclude Include="include\renderer\RenderContext.h">
      <Filter>Headers\Renderer</Filter>
    </ClInclude>
    <ClInclude Include="include\renderer\Shader.h">
      <Filter>Headers\Renderer</Filter>
    </ClInclude>
    <ClInclude Include="include\renderer\Texture.h">
      <Filter>Headers\Renderer</Filter>
    </ClInclude>
    <ClInclude Include="include\utils\Transform.h">
      <Filter>Headers\Utils</Filter>
    </ClInclude>
    <ClInclude Include="include\core\Viewport.h">
      <Filter>Headers\Core</Filter>
    </ClInclude>
    <ClInclude Include="include\core\Window.h">
      <Filter>Headers\Core</Filter>
    </ClInclude>
    <ClInclude Include="include\core\WindowContext.h">
      <Filter>Headers\Core</Filter>
    </ClInclude>
    <ClInclude Include="include\scenes\BaseScene.h">
      <Filter>Headers\Scenes</Filter>
    </ClInclude>
    <ClInclude Include="include\core\Time.h">
      <Filter>Headers\Core</Filter>
    </ClInclude>
    <ClInclude Include="include\utils\Recorder.h">
      <Filter>Headers\Utils</Filter>
    </ClInclude>
    <ClInclude Include="include\scenes\PBRIBL_Base.h">
      <Filter>Headers\Scenes</Filter>
    </ClInclude>
    <ClInclude Include="include\scenes\PBRIBL_Custom.h">
      <Filter>Headers\Scenes</Filter>
    </ClInclude>
    <ClInclude Include="include\scenes\PBRIBL_Single.h">
      <Filter>Headers\Scenes</Filter>
    </ClInclude>
    <ClInclude Include="include\scenes\PBRIBL_SingleTex.h">
      <Filter>Headers\Scenes</Filter>
    </ClInclude>
    <ClInclude Include="include\scenes\PBRIBL_Spheres.h">
      <Filter>Headers\Scenes</Filter>
    </ClInclude>
    <ClInclude Include="include\scenes\SkyAtmosphere.h">
      <Filter>Headers\Scenes</Filter>
    </ClInclude>
  </ItemGroup>
  <ItemGroup>
    <Image Include="textures\diffuse.png">
      <Filter>Resource\Textures</Filter>
    </Image>
    <Image Include="textures\specular.png">
      <Filter>Resource\Textures</Filter>
    </Image>
    <Image Include="textures\wall.jpg">
      <Filter>Resource\Textures</Filter>
    </Image>
    <Image Include="assets\icon.jpg">
      <Filter>Resource</Filter>
    </Image>
  </ItemGroup>
</Project>