<?xml version="1.0" encoding="utf-8"?>
<Project ToolsVersion="4.0" xmlns="http://schemas.microsoft.com/developer/msbuild/2003">
  <ItemGroup>
    <Filter Include="Headers">
      <UniqueIdentifier>{93995380-89BD-4b04-88EB-625FBE52EBFB}</UniqueIdentifier>
      <Extensions>h;hh;hpp;hxx;h++;hm;inl;inc;ipp;xsd</Extensions>
    </Filter>
    <Filter Include="Config">
      <UniqueIdentifier>{921da2a0-343c-4d8f-8528-be50fe1e4004}</UniqueIdentifier>
    </Filter>
    <Filter Include="Source">
      <UniqueIdentifier>{4FC737F1-C7A5-4376-A066-2A32D752A2FF}</UniqueIdentifier>
      <Extensions>cpp;c;cc;cxx;c++;cppm;ixx;def;odl;idl;hpj;bat;asm;asmx</Extensions>
    </Filter>
    <Filter Include="Shader">
      <UniqueIdentifier>{8aadec3d-d0eb-43f0-b21a-33c6bc8faa27}</UniqueIdentifier>
    </Filter>
    <Filter Include="Resource">
      <UniqueIdentifier>{67DA6AB6-F800-4c08-8B7A-83BB121AAD01}</UniqueIdentifier>
      <Extensions>rc;ico;cur;bmp;dlg;rc2;rct;bin;rgs;gif;jpg;jpeg;jpe;resx;tiff;tif;png;wav;mfcribbon-ms</Extensions>
    </Filter>
    <Filter Include="Resource\Models">
      <UniqueIdentifier>{3cb00292-770c-4337-9581-29ea712f166d}</UniqueIdentifier>
    </Filter>
    <Filter Include="Resource\Textures">
      <UniqueIdentifier>{92389da1-f2d8-437e-839f-cd012aad8400}</UniqueIdentifier>
    </Filter>
    <Filter Include="Source\imgui">
      <UniqueIdentifier>{b3b2552e-ed17-4e6d-b845-6ae3e65448c0}</UniqueIdentifier>
    </Filter>
    <Filter Include="Source\ImGuizmo">
      <UniqueIdentifier>{572cb9b9-2d8d-459e-b50a-0b0d243dd6d2}</UniqueIdentifier>
    </Filter>
  </ItemGroup>
  <ItemGroup>
    <ClCompile Include="src\glad.c">
      <Filter>Source</Filter>
    </ClCompile>
    <ClCompile Include="src\renderer\Shader.cpp">
      <Filter>Source</Filter>
    </ClCompile>
    <ClCompile Include="src\core\Application.cpp">
      <Filter>Source</Filter>
    </ClCompile>
    <ClCompile Include="src\core\Window.cpp">
      <Filter>Source</Filter>
    </ClCompile>
    <ClCompile Include="src\core\Log.cpp">
      <Filter>Source</Filter>
    </ClCompile>
    <ClCompile Include="src\renderer\Mesh.cpp">
      <Filter>Source</Filter>
    </ClCompile>
    <ClCompile Include="src\core\Config.cpp">
      <Filter>Source</Filter>
    </ClCompile>
    <ClCompile Include="src\renderer\Camera.cpp">
      <Filter>Source</Filter>
    </ClCompile>
    <ClCompile Include="src\renderer\Texture.cpp">
      <Filter>Source</Filter>
    </ClCompile>
    <ClCompile Include="src\renderer\Model.cpp">
      <Filter>Source</Filter>
    </ClCompile>
    <ClCompile Include="third_party\imgui\imgui_widgets.cpp">
      <Filter>Source\imgui</Filter>
    </ClCompile>
    <ClCompile Include="third_party\imgui\imgui_demo.cpp">
      <Filter>Source\imgui</Filter>
    </ClCompile>
    <ClCompile Include="third_party\imgui\imgui_draw.cpp">
      <Filter>Source\imgui</Filter>
    </ClCompile>
    <ClCompile Include="third_party\imgui\backends\imgui_impl_glfw.cpp">
      <Filter>Source\imgui</Filter>
    </ClCompile>
    <ClCompile Include="third_party\imgui\backends\imgui_impl_opengl3.cpp">
      <Filter>Source\imgui</Filter>
    </ClCompile>
    <ClCompile Include="third_party\imgui\imgui_tables.cpp">
      <Filter>Source\imgui</Filter>
    </ClCompile>
    <ClCompile Include="third_party\imgui\imgui.cpp">
      <Filter>Source\imgui</Filter>
    </ClCompile>
    <ClCompile Include="src\core\Editor.cpp">
      <Filter>Source</Filter>
    </ClCompile>
    <ClCompile Include="third_party\ImGuizmo\ImGuizmo.cpp">
      <Filter>Source\ImGuizmo</Filter>
    </ClCompile>
    <ClCompile Include="src\renderer\Primitive.cpp">
      <Filter>Source</Filter>
    </ClCompile>
    <ClCompile Include="src\scene\Entity.cpp">
      <Filter>Source</Filter>
    </ClCompile>
    <ClCompile Include="src\scene\Scene.cpp">
      <Filter>Source</Filter>
    </ClCompile>
  </ItemGroup>
  <ItemGroup>
    <None Include="shaders\test.vert">
      <Filter>Shader</Filter>
    </None>
    <None Include="shaders\test.frag">
      <Filter>Shader</Filter>
    </None>
    <None Include="config\engine.toml">
      <Filter>Config</Filter>
    </None>
    <None Include="shaders\light.frag">
      <Filter>Shader</Filter>
    </None>
    <None Include="shaders\light.vert">
      <Filter>Shader</Filter>
    </None>
    <None Include="shaders\light_obj.frag">
      <Filter>Shader</Filter>
    </None>
    <None Include="shaders\light_obj.vert">
      <Filter>Shader</Filter>
    </None>
    <None Include="shaders\phong.frag">
      <Filter>Shader</Filter>
    </None>
    <None Include="shaders\phong.vert">
      <Filter>Shader</Filter>
    </None>
    <None Include="shaders\pbr.vert">
      <Filter>Shader</Filter>
    </None>
    <None Include="shaders\pbr.frag">
      <Filter>Shader</Filter>
    </None>
  </ItemGroup>
  <ItemGroup>
    <ClInclude Include="include\renderer\Shader.h">
      <Filter>Headers</Filter>
    </ClInclude>
    <ClInclude Include="include\core\Window.h">
      <Filter>Headers</Filter>
    </ClInclude>
    <ClInclude Include="include\core\Log.h">
      <Filter>Headers</Filter>
    </ClInclude>
    <ClInclude Include="include\renderer\Mesh.h">
      <Filter>Headers</Filter>
    </ClInclude>
    <ClInclude Include="include\renderer\Texture.h">
      <Filter>Headers</Filter>
    </ClInclude>
    <ClInclude Include="include\renderer\Camera.h">
      <Filter>Headers</Filter>
    </ClInclude>
    <ClInclude Include="include\core\Config.h">
      <Filter>Headers</Filter>
    </ClInclude>
    <ClInclude Include="include\core\WindowContext.h">
      <Filter>Headers</Filter>
    </ClInclude>
    <ClInclude Include="include\renderer\Model.h">
      <Filter>Headers</Filter>
    </ClInclude>
    <ClInclude Include="include\core\Editor.h">
      <Filter>Headers</Filter>
    </ClInclude>
    <ClInclude Include="third_party\ImGuizmo\ImGradient.h">
      <Filter>Source\ImGuizmo</Filter>
    </ClInclude>
    <ClInclude Include="include\renderer\Primitive.h">
      <Filter>Headers</Filter>
    </ClInclude>
    <ClInclude Include="include\scene\Transform.h">
      <Filter>Headers</Filter>
    </ClInclude>
    <ClInclude Include="include\scene\Entity.h">
      <Filter>Headers</Filter>
    </ClInclude>
    <ClInclude Include="include\scene\Scene.h">
      <Filter>Headers</Filter>
    </ClInclude>
  </ItemGroup>
  <ItemGroup>
    <Image Include="textures\diffuse.png">
      <Filter>Resource\Textures</Filter>
    </Image>
    <Image Include="textures\specular.png">
      <Filter>Resource\Textures</Filter>
    </Image>
    <Image Include="textures\wall.jpg">
      <Filter>Resource\Textures</Filter>
    </Image>
    <Image Include="assets\icon.jpg">
      <Filter>Resource</Filter>
    </Image>
  </ItemGroup>
</Project>